// !$*UTF8*$!
{
	archiveVersion = 1;
	classes = {
	};
	objectVersion = 50;
	objects = {

/* Begin PBXBuildFile section */
		7E0ABFF221974D9A002B7D57 /* CompleteSignUp.swift in Sources */ = {isa = PBXBuildFile; fileRef = 7E0ABFF121974D9A002B7D57 /* CompleteSignUp.swift */; };
		7E0D6869219636FF0064CDDB /* Speaker.swift in Sources */ = {isa = PBXBuildFile; fileRef = 7E0D6868219636FF0064CDDB /* Speaker.swift */; };
		7E15E6E0217CC28A009851BB /* Date.swift in Sources */ = {isa = PBXBuildFile; fileRef = 7E15E6DF217CC28A009851BB /* Date.swift */; };
		7E15E6E2217D86B9009851BB /* CMTime.swift in Sources */ = {isa = PBXBuildFile; fileRef = 7E15E6E1217D86B9009851BB /* CMTime.swift */; };
		7E2E93CB217C400800B298B5 /* MyNotification.swift in Sources */ = {isa = PBXBuildFile; fileRef = 7E2E93CA217C400800B298B5 /* MyNotification.swift */; };
		7E6ADD1421955791009DB373 /* GoogleService-Info.plist in Resources */ = {isa = PBXBuildFile; fileRef = 7E6ADD1321955791009DB373 /* GoogleService-Info.plist */; };
		7E6ADD172195D515009DB373 /* ListenersViewController.swift in Sources */ = {isa = PBXBuildFile; fileRef = 7E6ADD162195D515009DB373 /* ListenersViewController.swift */; };
		7E6ADD1A2195D58C009DB373 /* ListenerCell.swift in Sources */ = {isa = PBXBuildFile; fileRef = 7E6ADD192195D58C009DB373 /* ListenerCell.swift */; };
		7E6ADD1C2195E44A009DB373 /* Listener.swift in Sources */ = {isa = PBXBuildFile; fileRef = 7E6ADD1B2195E44A009DB373 /* Listener.swift */; };
		7E80F08A218DF7C6007AFBD2 /* CommentCell.swift in Sources */ = {isa = PBXBuildFile; fileRef = 7E80F089218DF7C6007AFBD2 /* CommentCell.swift */; };
		7E8E8C9E2177D96E00D6F771 /* CustomTextField.swift in Sources */ = {isa = PBXBuildFile; fileRef = 7E8E8C9D2177D96E00D6F771 /* CustomTextField.swift */; };
		7E90C6B62184C3B90090B320 /* AudioRecorder.swift in Sources */ = {isa = PBXBuildFile; fileRef = 7E90C6B52184C3B90090B320 /* AudioRecorder.swift */; };
		7E90C6B92184DA770090B320 /* ShareAudioViewController.swift in Sources */ = {isa = PBXBuildFile; fileRef = 7E90C6B82184DA770090B320 /* ShareAudioViewController.swift */; };
		7E9C85B2218FCB3700094347 /* MediaItem.swift in Sources */ = {isa = PBXBuildFile; fileRef = 7E9C85B1218FCB3700094347 /* MediaItem.swift */; };
		7EA4FC26217934A200D481A1 /* SignupController.swift in Sources */ = {isa = PBXBuildFile; fileRef = 7EA4FC25217934A200D481A1 /* SignupController.swift */; };
		7EA4FC28217937DD00D481A1 /* NotificationCell.swift in Sources */ = {isa = PBXBuildFile; fileRef = 7EA4FC27217937DD00D481A1 /* NotificationCell.swift */; };
		7EA5BAC0217AF21200EFC458 /* Profile.swift in Sources */ = {isa = PBXBuildFile; fileRef = 7EA5BABF217AF21200EFC458 /* Profile.swift */; };
		7EA5BAC4217AF29D00EFC458 /* FirebaseService.swift in Sources */ = {isa = PBXBuildFile; fileRef = 7EA5BAC3217AF29D00EFC458 /* FirebaseService.swift */; };
		7EA5BACA217AF42700EFC458 /* Comment.swift in Sources */ = {isa = PBXBuildFile; fileRef = 7EA5BAC9217AF42700EFC458 /* Comment.swift */; };
		7EA5BACC217AF46700EFC458 /* User.swift in Sources */ = {isa = PBXBuildFile; fileRef = 7EA5BACB217AF46700EFC458 /* User.swift */; };
		7EA5BACE217AF9F100EFC458 /* AudioPost.swift in Sources */ = {isa = PBXBuildFile; fileRef = 7EA5BACD217AF9F100EFC458 /* AudioPost.swift */; };
		7EA5BAD0217AFB1600EFC458 /* HashTag.swift in Sources */ = {isa = PBXBuildFile; fileRef = 7EA5BACF217AFB1600EFC458 /* HashTag.swift */; };
		7EA5BAD2217B0E5E00EFC458 /* AllUsersCell.swift in Sources */ = {isa = PBXBuildFile; fileRef = 7EA5BAD1217B0E5E00EFC458 /* AllUsersCell.swift */; };
		7EAE3AF9217E576F008C1B02 /* String.swift in Sources */ = {isa = PBXBuildFile; fileRef = 7EAE3AF8217E576F008C1B02 /* String.swift */; };
		7EAE3AFB217E5D5E008C1B02 /* Label.swift in Sources */ = {isa = PBXBuildFile; fileRef = 7EAE3AFA217E5D5E008C1B02 /* Label.swift */; };
		7EAE3AFE217F5F88008C1B02 /* EditProfilieViewController.swift in Sources */ = {isa = PBXBuildFile; fileRef = 7EAE3AFD217F5F88008C1B02 /* EditProfilieViewController.swift */; };
		7EAE3B00217F639C008C1B02 /* AlertViewController.swift in Sources */ = {isa = PBXBuildFile; fileRef = 7EAE3AFF217F639C008C1B02 /* AlertViewController.swift */; };
		7EB291BB21A27AE90021BF24 /* Localizable.strings in Resources */ = {isa = PBXBuildFile; fileRef = 7EB291BD21A27AE90021BF24 /* Localizable.strings */; };
		7EB8E276217722D400903704 /* HomeNavigationCell.swift in Sources */ = {isa = PBXBuildFile; fileRef = 7EB8E275217722D400903704 /* HomeNavigationCell.swift */; };
		7EC2A1452196194C001ED2DB /* SpeakerViewController.swift in Sources */ = {isa = PBXBuildFile; fileRef = 7EC2A1442196194C001ED2DB /* SpeakerViewController.swift */; };
		7ECE818A2172768000895EDA /* AppDelegate.swift in Sources */ = {isa = PBXBuildFile; fileRef = 7ECE81892172768000895EDA /* AppDelegate.swift */; };
		7ECE818F2172768000895EDA /* Main.storyboard in Resources */ = {isa = PBXBuildFile; fileRef = 7ECE818D2172768000895EDA /* Main.storyboard */; };
		7ECE81912172768100895EDA /* Assets.xcassets in Resources */ = {isa = PBXBuildFile; fileRef = 7ECE81902172768100895EDA /* Assets.xcassets */; };
		7ECE81942172768100895EDA /* LaunchScreen.storyboard in Resources */ = {isa = PBXBuildFile; fileRef = 7ECE81922172768100895EDA /* LaunchScreen.storyboard */; };
		7ECE819C2172859800895EDA /* MainTabBarController.swift in Sources */ = {isa = PBXBuildFile; fileRef = 7ECE819B2172859800895EDA /* MainTabBarController.swift */; };
		7ECE81A021728C4D00895EDA /* HomeFeedCell.swift in Sources */ = {isa = PBXBuildFile; fileRef = 7ECE819F21728C4D00895EDA /* HomeFeedCell.swift */; };
		7ECE81A221728E0900895EDA /* UIView.swift in Sources */ = {isa = PBXBuildFile; fileRef = 7ECE81A121728E0900895EDA /* UIView.swift */; };
		7ECE81A42172ACDA00895EDA /* SearchController.swift in Sources */ = {isa = PBXBuildFile; fileRef = 7ECE81A32172ACDA00895EDA /* SearchController.swift */; };
		7ECE81A62172BB3C00895EDA /* LeftPaddedTextField.swift in Sources */ = {isa = PBXBuildFile; fileRef = 7ECE81A52172BB3C00895EDA /* LeftPaddedTextField.swift */; };
		7ECE81AC21731FCA00895EDA /* AllHashTags.swift in Sources */ = {isa = PBXBuildFile; fileRef = 7ECE81AB21731FCA00895EDA /* AllHashTags.swift */; };
		7ECE81AE2173201B00895EDA /* HashTagCell.swift in Sources */ = {isa = PBXBuildFile; fileRef = 7ECE81AD2173201B00895EDA /* HashTagCell.swift */; };
		7ECE81BB2173219D00895EDA /* TopUserCell.swift in Sources */ = {isa = PBXBuildFile; fileRef = 7ECE81BA2173219D00895EDA /* TopUserCell.swift */; };
		7ECE81C1217363E500895EDA /* UIViewController.swift in Sources */ = {isa = PBXBuildFile; fileRef = 7ECE81C0217363E500895EDA /* UIViewController.swift */; };
		7ECE81C42173685600895EDA /* TabBarView.swift in Sources */ = {isa = PBXBuildFile; fileRef = 7ECE81C32173685600895EDA /* TabBarView.swift */; };
		7ECE81C62173C24E00895EDA /* MainHomeFeedController.swift in Sources */ = {isa = PBXBuildFile; fileRef = 7ECE81C52173C24E00895EDA /* MainHomeFeedController.swift */; };
		7ECE81CB2173D20600895EDA /* MainNotificationController.swift in Sources */ = {isa = PBXBuildFile; fileRef = 7ECE81CA2173D20600895EDA /* MainNotificationController.swift */; };
		7ECE81CE2173D6E000895EDA /* NotificationHeaderCell.swift in Sources */ = {isa = PBXBuildFile; fileRef = 7ECE81CD2173D6E000895EDA /* NotificationHeaderCell.swift */; };
		7ECE81D32173EABE00895EDA /* BaseCell.swift in Sources */ = {isa = PBXBuildFile; fileRef = 7ECE81D22173EABE00895EDA /* BaseCell.swift */; };
		7ECE81D62173ED4100895EDA /* ProfileHeaderView.swift in Sources */ = {isa = PBXBuildFile; fileRef = 7ECE81D52173ED4100895EDA /* ProfileHeaderView.swift */; };
		7ECE81D82173ED6500895EDA /* ProfilePostCell.swift in Sources */ = {isa = PBXBuildFile; fileRef = 7ECE81D72173ED6500895EDA /* ProfilePostCell.swift */; };
		7EF28555217F9F2700D7F2F7 /* EditProfileController+handlers.swift in Sources */ = {isa = PBXBuildFile; fileRef = 7EF28554217F9F2700D7F2F7 /* EditProfileController+handlers.swift */; };
		7EF28558217FA2D000D7F2F7 /* PhotoSelectorController.swift in Sources */ = {isa = PBXBuildFile; fileRef = 7EF28557217FA2D000D7F2F7 /* PhotoSelectorController.swift */; };
		7EF2855B217FA46300D7F2F7 /* PhotoSelectoCell.swift in Sources */ = {isa = PBXBuildFile; fileRef = 7EF2855A217FA46300D7F2F7 /* PhotoSelectoCell.swift */; };
		7EF2855D217FA4B900D7F2F7 /* PhotoSelectorHeader.swift in Sources */ = {isa = PBXBuildFile; fileRef = 7EF2855C217FA4B900D7F2F7 /* PhotoSelectorHeader.swift */; };
		7EF55414218AFEFC0046658D /* SpinnerView.swift in Sources */ = {isa = PBXBuildFile; fileRef = 7EF55413218AFEFC0046658D /* SpinnerView.swift */; };
		7EF91DBD21785CED00BD42CA /* LoginController.swift in Sources */ = {isa = PBXBuildFile; fileRef = 7EF91DBC21785CED00BD42CA /* LoginController.swift */; };
		7EF9FDC8218D7B0400A51B20 /* CommentsController.swift in Sources */ = {isa = PBXBuildFile; fileRef = 7EF9FDC7218D7B0400A51B20 /* CommentsController.swift */; };
		7EF9FDCB218D7D4000A51B20 /* CommentsHeader.swift in Sources */ = {isa = PBXBuildFile; fileRef = 7EF9FDCA218D7D4000A51B20 /* CommentsHeader.swift */; };
		7EFAD5622188D27D0056BC0C /* CachedPlayer.swift in Sources */ = {isa = PBXBuildFile; fileRef = 7EFAD5612188D27D0056BC0C /* CachedPlayer.swift */; };
		B58D8FA68BFDCB56738C9757 /* Pods_Triller.framework in Frameworks */ = {isa = PBXBuildFile; fileRef = 40D01EDF4E6B8083F0A9F833 /* Pods_Triller.framework */; };
/* End PBXBuildFile section */

/* Begin PBXFileReference section */
		34558C351DE6248C967BF6E8 /* Pods-Triller.release.xcconfig */ = {isa = PBXFileReference; includeInIndex = 1; lastKnownFileType = text.xcconfig; name = "Pods-Triller.release.xcconfig"; path = "Pods/Target Support Files/Pods-Triller/Pods-Triller.release.xcconfig"; sourceTree = "<group>"; };
		40D01EDF4E6B8083F0A9F833 /* Pods_Triller.framework */ = {isa = PBXFileReference; explicitFileType = wrapper.framework; includeInIndex = 0; path = Pods_Triller.framework; sourceTree = BUILT_PRODUCTS_DIR; };
		7E0ABFF121974D9A002B7D57 /* CompleteSignUp.swift */ = {isa = PBXFileReference; lastKnownFileType = sourcecode.swift; path = CompleteSignUp.swift; sourceTree = "<group>"; };
		7E0D6868219636FF0064CDDB /* Speaker.swift */ = {isa = PBXFileReference; lastKnownFileType = sourcecode.swift; path = Speaker.swift; sourceTree = "<group>"; };
		7E15E6DF217CC28A009851BB /* Date.swift */ = {isa = PBXFileReference; lastKnownFileType = sourcecode.swift; path = Date.swift; sourceTree = "<group>"; };
		7E15E6E1217D86B9009851BB /* CMTime.swift */ = {isa = PBXFileReference; fileEncoding = 4; lastKnownFileType = sourcecode.swift; path = CMTime.swift; sourceTree = "<group>"; };
		7E2E93CA217C400800B298B5 /* MyNotification.swift */ = {isa = PBXFileReference; lastKnownFileType = sourcecode.swift; path = MyNotification.swift; sourceTree = "<group>"; };
		7E6ADD1321955791009DB373 /* GoogleService-Info.plist */ = {isa = PBXFileReference; fileEncoding = 4; lastKnownFileType = text.plist.xml; path = "GoogleService-Info.plist"; sourceTree = "<group>"; };
		7E6ADD162195D515009DB373 /* ListenersViewController.swift */ = {isa = PBXFileReference; lastKnownFileType = sourcecode.swift; path = ListenersViewController.swift; sourceTree = "<group>"; };
		7E6ADD192195D58C009DB373 /* ListenerCell.swift */ = {isa = PBXFileReference; lastKnownFileType = sourcecode.swift; path = ListenerCell.swift; sourceTree = "<group>"; };
		7E6ADD1B2195E44A009DB373 /* Listener.swift */ = {isa = PBXFileReference; lastKnownFileType = sourcecode.swift; path = Listener.swift; sourceTree = "<group>"; };
		7E80F089218DF7C6007AFBD2 /* CommentCell.swift */ = {isa = PBXFileReference; lastKnownFileType = sourcecode.swift; path = CommentCell.swift; sourceTree = "<group>"; };
		7E8E8C9D2177D96E00D6F771 /* CustomTextField.swift */ = {isa = PBXFileReference; lastKnownFileType = sourcecode.swift; path = CustomTextField.swift; sourceTree = "<group>"; };
		7E90C6B52184C3B90090B320 /* AudioRecorder.swift */ = {isa = PBXFileReference; lastKnownFileType = sourcecode.swift; path = AudioRecorder.swift; sourceTree = "<group>"; };
		7E90C6B82184DA770090B320 /* ShareAudioViewController.swift */ = {isa = PBXFileReference; lastKnownFileType = sourcecode.swift; path = ShareAudioViewController.swift; sourceTree = "<group>"; };
		7E9C85B1218FCB3700094347 /* MediaItem.swift */ = {isa = PBXFileReference; lastKnownFileType = sourcecode.swift; path = MediaItem.swift; sourceTree = "<group>"; };
		7EA4FC25217934A200D481A1 /* SignupController.swift */ = {isa = PBXFileReference; lastKnownFileType = sourcecode.swift; path = SignupController.swift; sourceTree = "<group>"; };
		7EA4FC27217937DD00D481A1 /* NotificationCell.swift */ = {isa = PBXFileReference; lastKnownFileType = sourcecode.swift; path = NotificationCell.swift; sourceTree = "<group>"; };
		7EA5BABF217AF21200EFC458 /* Profile.swift */ = {isa = PBXFileReference; lastKnownFileType = sourcecode.swift; path = Profile.swift; sourceTree = "<group>"; };
		7EA5BAC3217AF29D00EFC458 /* FirebaseService.swift */ = {isa = PBXFileReference; lastKnownFileType = sourcecode.swift; path = FirebaseService.swift; sourceTree = "<group>"; };
		7EA5BAC9217AF42700EFC458 /* Comment.swift */ = {isa = PBXFileReference; lastKnownFileType = sourcecode.swift; path = Comment.swift; sourceTree = "<group>"; };
		7EA5BACB217AF46700EFC458 /* User.swift */ = {isa = PBXFileReference; lastKnownFileType = sourcecode.swift; path = User.swift; sourceTree = "<group>"; };
		7EA5BACD217AF9F100EFC458 /* AudioPost.swift */ = {isa = PBXFileReference; lastKnownFileType = sourcecode.swift; path = AudioPost.swift; sourceTree = "<group>"; };
		7EA5BACF217AFB1600EFC458 /* HashTag.swift */ = {isa = PBXFileReference; lastKnownFileType = sourcecode.swift; path = HashTag.swift; sourceTree = "<group>"; };
		7EA5BAD1217B0E5E00EFC458 /* AllUsersCell.swift */ = {isa = PBXFileReference; lastKnownFileType = sourcecode.swift; path = AllUsersCell.swift; sourceTree = "<group>"; };
		7EAE3AF8217E576F008C1B02 /* String.swift */ = {isa = PBXFileReference; lastKnownFileType = sourcecode.swift; path = String.swift; sourceTree = "<group>"; };
		7EAE3AFA217E5D5E008C1B02 /* Label.swift */ = {isa = PBXFileReference; lastKnownFileType = sourcecode.swift; path = Label.swift; sourceTree = "<group>"; };
		7EAE3AFD217F5F88008C1B02 /* EditProfilieViewController.swift */ = {isa = PBXFileReference; lastKnownFileType = sourcecode.swift; path = EditProfilieViewController.swift; sourceTree = "<group>"; };
		7EAE3AFF217F639C008C1B02 /* AlertViewController.swift */ = {isa = PBXFileReference; lastKnownFileType = sourcecode.swift; path = AlertViewController.swift; sourceTree = "<group>"; };
		7EB291B721A279410021BF24 /* ar */ = {isa = PBXFileReference; lastKnownFileType = text.plist.strings; name = ar; path = ar.lproj/Main.strings; sourceTree = "<group>"; };
		7EB291B821A279410021BF24 /* ar */ = {isa = PBXFileReference; lastKnownFileType = text.plist.strings; name = ar; path = ar.lproj/LaunchScreen.strings; sourceTree = "<group>"; };
		7EB291BC21A27AE90021BF24 /* en */ = {isa = PBXFileReference; lastKnownFileType = text.plist.strings; name = en; path = en.lproj/Localizable.strings; sourceTree = "<group>"; };
		7EB291BE21A27AEB0021BF24 /* ar */ = {isa = PBXFileReference; lastKnownFileType = text.plist.strings; name = ar; path = ar.lproj/Localizable.strings; sourceTree = "<group>"; };
		7EB8E275217722D400903704 /* HomeNavigationCell.swift */ = {isa = PBXFileReference; lastKnownFileType = sourcecode.swift; path = HomeNavigationCell.swift; sourceTree = "<group>"; };
		7EC2A1442196194C001ED2DB /* SpeakerViewController.swift */ = {isa = PBXFileReference; lastKnownFileType = sourcecode.swift; path = SpeakerViewController.swift; sourceTree = "<group>"; };
		7ECE81862172768000895EDA /* Triller.app */ = {isa = PBXFileReference; explicitFileType = wrapper.application; includeInIndex = 0; path = Triller.app; sourceTree = BUILT_PRODUCTS_DIR; };
		7ECE81892172768000895EDA /* AppDelegate.swift */ = {isa = PBXFileReference; lastKnownFileType = sourcecode.swift; path = AppDelegate.swift; sourceTree = "<group>"; };
		7ECE818E2172768000895EDA /* Base */ = {isa = PBXFileReference; lastKnownFileType = file.storyboard; name = Base; path = Base.lproj/Main.storyboard; sourceTree = "<group>"; };
		7ECE81902172768100895EDA /* Assets.xcassets */ = {isa = PBXFileReference; lastKnownFileType = folder.assetcatalog; path = Assets.xcassets; sourceTree = "<group>"; };
		7ECE81932172768100895EDA /* Base */ = {isa = PBXFileReference; lastKnownFileType = file.storyboard; name = Base; path = Base.lproj/LaunchScreen.storyboard; sourceTree = "<group>"; };
		7ECE81952172768100895EDA /* Info.plist */ = {isa = PBXFileReference; lastKnownFileType = text.plist.xml; path = Info.plist; sourceTree = "<group>"; };
		7ECE819B2172859800895EDA /* MainTabBarController.swift */ = {isa = PBXFileReference; lastKnownFileType = sourcecode.swift; path = MainTabBarController.swift; sourceTree = "<group>"; };
		7ECE819F21728C4D00895EDA /* HomeFeedCell.swift */ = {isa = PBXFileReference; lastKnownFileType = sourcecode.swift; path = HomeFeedCell.swift; sourceTree = "<group>"; };
		7ECE81A121728E0900895EDA /* UIView.swift */ = {isa = PBXFileReference; lastKnownFileType = sourcecode.swift; path = UIView.swift; sourceTree = "<group>"; };
		7ECE81A32172ACDA00895EDA /* SearchController.swift */ = {isa = PBXFileReference; lastKnownFileType = sourcecode.swift; path = SearchController.swift; sourceTree = "<group>"; };
		7ECE81A52172BB3C00895EDA /* LeftPaddedTextField.swift */ = {isa = PBXFileReference; lastKnownFileType = sourcecode.swift; path = LeftPaddedTextField.swift; sourceTree = "<group>"; };
		7ECE81AB21731FCA00895EDA /* AllHashTags.swift */ = {isa = PBXFileReference; lastKnownFileType = sourcecode.swift; path = AllHashTags.swift; sourceTree = "<group>"; };
		7ECE81AD2173201B00895EDA /* HashTagCell.swift */ = {isa = PBXFileReference; lastKnownFileType = sourcecode.swift; path = HashTagCell.swift; sourceTree = "<group>"; };
		7ECE81BA2173219D00895EDA /* TopUserCell.swift */ = {isa = PBXFileReference; lastKnownFileType = sourcecode.swift; path = TopUserCell.swift; sourceTree = "<group>"; };
		7ECE81C0217363E500895EDA /* UIViewController.swift */ = {isa = PBXFileReference; lastKnownFileType = sourcecode.swift; path = UIViewController.swift; sourceTree = "<group>"; };
		7ECE81C32173685600895EDA /* TabBarView.swift */ = {isa = PBXFileReference; lastKnownFileType = sourcecode.swift; path = TabBarView.swift; sourceTree = "<group>"; };
		7ECE81C52173C24E00895EDA /* MainHomeFeedController.swift */ = {isa = PBXFileReference; lastKnownFileType = sourcecode.swift; path = MainHomeFeedController.swift; sourceTree = "<group>"; };
		7ECE81CA2173D20600895EDA /* MainNotificationController.swift */ = {isa = PBXFileReference; lastKnownFileType = sourcecode.swift; path = MainNotificationController.swift; sourceTree = "<group>"; };
		7ECE81CD2173D6E000895EDA /* NotificationHeaderCell.swift */ = {isa = PBXFileReference; lastKnownFileType = sourcecode.swift; path = NotificationHeaderCell.swift; sourceTree = "<group>"; };
		7ECE81D22173EABE00895EDA /* BaseCell.swift */ = {isa = PBXFileReference; lastKnownFileType = sourcecode.swift; path = BaseCell.swift; sourceTree = "<group>"; };
		7ECE81D52173ED4100895EDA /* ProfileHeaderView.swift */ = {isa = PBXFileReference; lastKnownFileType = sourcecode.swift; path = ProfileHeaderView.swift; sourceTree = "<group>"; };
		7ECE81D72173ED6500895EDA /* ProfilePostCell.swift */ = {isa = PBXFileReference; lastKnownFileType = sourcecode.swift; path = ProfilePostCell.swift; sourceTree = "<group>"; };
		7EF28554217F9F2700D7F2F7 /* EditProfileController+handlers.swift */ = {isa = PBXFileReference; lastKnownFileType = sourcecode.swift; path = "EditProfileController+handlers.swift"; sourceTree = "<group>"; };
		7EF28557217FA2D000D7F2F7 /* PhotoSelectorController.swift */ = {isa = PBXFileReference; lastKnownFileType = sourcecode.swift; path = PhotoSelectorController.swift; sourceTree = "<group>"; };
		7EF2855A217FA46300D7F2F7 /* PhotoSelectoCell.swift */ = {isa = PBXFileReference; lastKnownFileType = sourcecode.swift; path = PhotoSelectoCell.swift; sourceTree = "<group>"; };
		7EF2855C217FA4B900D7F2F7 /* PhotoSelectorHeader.swift */ = {isa = PBXFileReference; lastKnownFileType = sourcecode.swift; path = PhotoSelectorHeader.swift; sourceTree = "<group>"; };
		7EF55413218AFEFC0046658D /* SpinnerView.swift */ = {isa = PBXFileReference; lastKnownFileType = sourcecode.swift; path = SpinnerView.swift; sourceTree = "<group>"; };
		7EF71A7C21954BD500C00EE9 /* Triller.entitlements */ = {isa = PBXFileReference; lastKnownFileType = text.plist.entitlements; path = Triller.entitlements; sourceTree = "<group>"; };
		7EF91DBC21785CED00BD42CA /* LoginController.swift */ = {isa = PBXFileReference; lastKnownFileType = sourcecode.swift; path = LoginController.swift; sourceTree = "<group>"; };
		7EF9FDC7218D7B0400A51B20 /* CommentsController.swift */ = {isa = PBXFileReference; lastKnownFileType = sourcecode.swift; path = CommentsController.swift; sourceTree = "<group>"; };
		7EF9FDCA218D7D4000A51B20 /* CommentsHeader.swift */ = {isa = PBXFileReference; lastKnownFileType = sourcecode.swift; path = CommentsHeader.swift; sourceTree = "<group>"; };
		7EFAD5612188D27D0056BC0C /* CachedPlayer.swift */ = {isa = PBXFileReference; lastKnownFileType = sourcecode.swift; path = CachedPlayer.swift; sourceTree = "<group>"; };
		9D05883BE0856E0493DA7E6E /* Pods-Triller.debug.xcconfig */ = {isa = PBXFileReference; includeInIndex = 1; lastKnownFileType = text.xcconfig; name = "Pods-Triller.debug.xcconfig"; path = "Pods/Target Support Files/Pods-Triller/Pods-Triller.debug.xcconfig"; sourceTree = "<group>"; };
/* End PBXFileReference section */

/* Begin PBXFrameworksBuildPhase section */
		7ECE81832172767F00895EDA /* Frameworks */ = {
			isa = PBXFrameworksBuildPhase;
			buildActionMask = 2147483647;
			files = (
				B58D8FA68BFDCB56738C9757 /* Pods_Triller.framework in Frameworks */,
			);
			runOnlyForDeploymentPostprocessing = 0;
		};
/* End PBXFrameworksBuildPhase section */

/* Begin PBXGroup section */
		407D700D58024AB9E5EBE6BE /* Frameworks */ = {
			isa = PBXGroup;
			children = (
				40D01EDF4E6B8083F0A9F833 /* Pods_Triller.framework */,
			);
			name = Frameworks;
			sourceTree = "<group>";
		};
		7E6ADD152195D503009DB373 /* Listeners */ = {
			isa = PBXGroup;
			children = (
				7E6ADD162195D515009DB373 /* ListenersViewController.swift */,
			);
			path = Listeners;
			sourceTree = "<group>";
		};
		7E6ADD182195D57E009DB373 /* Listeners */ = {
			isa = PBXGroup;
			children = (
				7E6ADD192195D58C009DB373 /* ListenerCell.swift */,
			);
			path = Listeners;
			sourceTree = "<group>";
		};
		7E90C6B42184C33E0090B320 /* Audio Recorder */ = {
			isa = PBXGroup;
			children = (
				7E90C6B52184C3B90090B320 /* AudioRecorder.swift */,
			);
			path = "Audio Recorder";
			sourceTree = "<group>";
		};
		7E90C6B72184DA590090B320 /* Share Audio */ = {
			isa = PBXGroup;
			children = (
				7E90C6B82184DA770090B320 /* ShareAudioViewController.swift */,
			);
			path = "Share Audio";
			sourceTree = "<group>";
		};
		7EA4FC22217904B200D481A1 /* Notification */ = {
			isa = PBXGroup;
			children = (
				7ECE81CA2173D20600895EDA /* MainNotificationController.swift */,
			);
			path = Notification;
			sourceTree = "<group>";
		};
		7EA4FC2321790CD400D481A1 /* Login Controller */ = {
			isa = PBXGroup;
			children = (
				7EF91DBC21785CED00BD42CA /* LoginController.swift */,
			);
			path = "Login Controller";
			sourceTree = "<group>";
		};
		7EA4FC242179349200D481A1 /* Signup */ = {
			isa = PBXGroup;
			children = (
				7EA4FC25217934A200D481A1 /* SignupController.swift */,
				7E0ABFF121974D9A002B7D57 /* CompleteSignUp.swift */,
			);
			path = Signup;
			sourceTree = "<group>";
		};
		7EA5BAC1217AF21B00EFC458 /* Profile */ = {
			isa = PBXGroup;
			children = (
				7EA5BABF217AF21200EFC458 /* Profile.swift */,
				7EAE3AFC217F4EFC008C1B02 /* Edit Profile */,
			);
			path = Profile;
			sourceTree = "<group>";
		};
		7EA5BAC2217AF28C00EFC458 /* Firebase Service */ = {
			isa = PBXGroup;
			children = (
				7EA5BAC3217AF29D00EFC458 /* FirebaseService.swift */,
			);
			path = "Firebase Service";
			sourceTree = "<group>";
		};
		7EAE3AFC217F4EFC008C1B02 /* Edit Profile */ = {
			isa = PBXGroup;
			children = (
				7EAE3AFD217F5F88008C1B02 /* EditProfilieViewController.swift */,
				7EF28554217F9F2700D7F2F7 /* EditProfileController+handlers.swift */,
			);
			path = "Edit Profile";
			sourceTree = "<group>";
		};
		7EC2A1432196187E001ED2DB /* Speakers */ = {
			isa = PBXGroup;
			children = (
				7EC2A1442196194C001ED2DB /* SpeakerViewController.swift */,
			);
			path = Speakers;
			sourceTree = "<group>";
		};
		7ECE817D2172767F00895EDA = {
			isa = PBXGroup;
			children = (
				7ECE81882172768000895EDA /* Triller */,
				7ECE81872172768000895EDA /* Products */,
				A35B595AF54228C3298BF6A6 /* Pods */,
				407D700D58024AB9E5EBE6BE /* Frameworks */,
			);
			sourceTree = "<group>";
		};
		7ECE81872172768000895EDA /* Products */ = {
			isa = PBXGroup;
			children = (
				7ECE81862172768000895EDA /* Triller.app */,
			);
			name = Products;
			sourceTree = "<group>";
		};
		7ECE81882172768000895EDA /* Triller */ = {
			isa = PBXGroup;
			children = (
				7EF71A7C21954BD500C00EE9 /* Triller.entitlements */,
				7EA5BAC2217AF28C00EFC458 /* Firebase Service */,
				7EF91DBB21785CCD00BD42CA /* View Controllers */,
				7ECE81B92173213000895EDA /* Extensions */,
				7ECE81B3217320C200895EDA /* View */,
				7ECE81B2217320BC00895EDA /* Model */,
				7ECE81902172768100895EDA /* Assets.xcassets */,
				7E6ADD1321955791009DB373 /* GoogleService-Info.plist */,
				7ECE819B2172859800895EDA /* MainTabBarController.swift */,
				7ECE81892172768000895EDA /* AppDelegate.swift */,
				7ECE818D2172768000895EDA /* Main.storyboard */,
				7ECE81922172768100895EDA /* LaunchScreen.storyboard */,
				7ECE81952172768100895EDA /* Info.plist */,
				7EB291BD21A27AE90021BF24 /* Localizable.strings */,
			);
			path = Triller;
			sourceTree = "<group>";
		};
		7ECE81B2217320BC00895EDA /* Model */ = {
			isa = PBXGroup;
			children = (
				7EA5BAC9217AF42700EFC458 /* Comment.swift */,
				7EA5BACB217AF46700EFC458 /* User.swift */,
				7EA5BACD217AF9F100EFC458 /* AudioPost.swift */,
				7EA5BACF217AFB1600EFC458 /* HashTag.swift */,
				7E2E93CA217C400800B298B5 /* MyNotification.swift */,
				7E9C85B1218FCB3700094347 /* MediaItem.swift */,
				7E6ADD1B2195E44A009DB373 /* Listener.swift */,
				7E0D6868219636FF0064CDDB /* Speaker.swift */,
			);
			path = Model;
			sourceTree = "<group>";
		};
		7ECE81B3217320C200895EDA /* View */ = {
			isa = PBXGroup;
			children = (
				7E6ADD182195D57E009DB373 /* Listeners */,
				7EF9FDC9218D7C4600A51B20 /* Comments */,
				7EF28559217FA44800D7F2F7 /* PhotoSelector */,
				7ECE81D42173ED1D00895EDA /* Profile */,
				7ECE81CC2173D6D700895EDA /* Notification */,
				7ECE81C22173684900895EDA /* TabBar */,
				7ECE81B5217320D600895EDA /* Search */,
				7ECE81B4217320C900895EDA /* Home */,
			);
			path = View;
			sourceTree = "<group>";
		};
		7ECE81B4217320C900895EDA /* Home */ = {
			isa = PBXGroup;
			children = (
				7ECE819F21728C4D00895EDA /* HomeFeedCell.swift */,
				7EB8E275217722D400903704 /* HomeNavigationCell.swift */,
			);
			path = Home;
			sourceTree = "<group>";
		};
		7ECE81B5217320D600895EDA /* Search */ = {
			isa = PBXGroup;
			children = (
				7EA5BAD1217B0E5E00EFC458 /* AllUsersCell.swift */,
				7ECE81AB21731FCA00895EDA /* AllHashTags.swift */,
				7ECE81BA2173219D00895EDA /* TopUserCell.swift */,
				7ECE81AD2173201B00895EDA /* HashTagCell.swift */,
			);
			path = Search;
			sourceTree = "<group>";
		};
		7ECE81B6217320DF00895EDA /* Home */ = {
			isa = PBXGroup;
			children = (
				7ECE81C52173C24E00895EDA /* MainHomeFeedController.swift */,
			);
			path = Home;
			sourceTree = "<group>";
		};
		7ECE81B7217320E300895EDA /* Search */ = {
			isa = PBXGroup;
			children = (
				7ECE81A32172ACDA00895EDA /* SearchController.swift */,
			);
			path = Search;
			sourceTree = "<group>";
		};
		7ECE81B92173213000895EDA /* Extensions */ = {
			isa = PBXGroup;
			children = (
				7E15E6E1217D86B9009851BB /* CMTime.swift */,
				7ECE81A52172BB3C00895EDA /* LeftPaddedTextField.swift */,
				7ECE81A121728E0900895EDA /* UIView.swift */,
				7ECE81C0217363E500895EDA /* UIViewController.swift */,
				7ECE81D22173EABE00895EDA /* BaseCell.swift */,
				7E8E8C9D2177D96E00D6F771 /* CustomTextField.swift */,
				7E15E6DF217CC28A009851BB /* Date.swift */,
				7EAE3AF8217E576F008C1B02 /* String.swift */,
				7EAE3AFA217E5D5E008C1B02 /* Label.swift */,
				7EAE3AFF217F639C008C1B02 /* AlertViewController.swift */,
				7EFAD5612188D27D0056BC0C /* CachedPlayer.swift */,
				7EF55413218AFEFC0046658D /* SpinnerView.swift */,
			);
			path = Extensions;
			sourceTree = "<group>";
		};
		7ECE81C22173684900895EDA /* TabBar */ = {
			isa = PBXGroup;
			children = (
				7ECE81C32173685600895EDA /* TabBarView.swift */,
			);
			path = TabBar;
			sourceTree = "<group>";
		};
		7ECE81CC2173D6D700895EDA /* Notification */ = {
			isa = PBXGroup;
			children = (
				7ECE81CD2173D6E000895EDA /* NotificationHeaderCell.swift */,
				7EA4FC27217937DD00D481A1 /* NotificationCell.swift */,
			);
			path = Notification;
			sourceTree = "<group>";
		};
		7ECE81D42173ED1D00895EDA /* Profile */ = {
			isa = PBXGroup;
			children = (
				7ECE81D72173ED6500895EDA /* ProfilePostCell.swift */,
				7ECE81D52173ED4100895EDA /* ProfileHeaderView.swift */,
			);
			path = Profile;
			sourceTree = "<group>";
		};
		7EF28556217FA2C200D7F2F7 /* ImagePicker */ = {
			isa = PBXGroup;
			children = (
				7EF28557217FA2D000D7F2F7 /* PhotoSelectorController.swift */,
			);
			path = ImagePicker;
			sourceTree = "<group>";
		};
		7EF28559217FA44800D7F2F7 /* PhotoSelector */ = {
			isa = PBXGroup;
			children = (
				7EF2855A217FA46300D7F2F7 /* PhotoSelectoCell.swift */,
				7EF2855C217FA4B900D7F2F7 /* PhotoSelectorHeader.swift */,
			);
			path = PhotoSelector;
			sourceTree = "<group>";
		};
		7EF91DBB21785CCD00BD42CA /* View Controllers */ = {
			isa = PBXGroup;
			children = (
				7EC2A1432196187E001ED2DB /* Speakers */,
				7E6ADD152195D503009DB373 /* Listeners */,
				7EF9FDC6218D7AF400A51B20 /* Comments */,
				7E90C6B72184DA590090B320 /* Share Audio */,
				7E90C6B42184C33E0090B320 /* Audio Recorder */,
				7EF28556217FA2C200D7F2F7 /* ImagePicker */,
				7EA5BAC1217AF21B00EFC458 /* Profile */,
				7EA4FC242179349200D481A1 /* Signup */,
				7EA4FC2321790CD400D481A1 /* Login Controller */,
				7EA4FC22217904B200D481A1 /* Notification */,
				7ECE81B6217320DF00895EDA /* Home */,
				7ECE81B7217320E300895EDA /* Search */,
			);
			path = "View Controllers";
			sourceTree = "<group>";
		};
		7EF9FDC6218D7AF400A51B20 /* Comments */ = {
			isa = PBXGroup;
			children = (
				7EF9FDC7218D7B0400A51B20 /* CommentsController.swift */,
			);
			path = Comments;
			sourceTree = "<group>";
		};
		7EF9FDC9218D7C4600A51B20 /* Comments */ = {
			isa = PBXGroup;
			children = (
				7EF9FDCA218D7D4000A51B20 /* CommentsHeader.swift */,
				7E80F089218DF7C6007AFBD2 /* CommentCell.swift */,
			);
			path = Comments;
			sourceTree = "<group>";
		};
		A35B595AF54228C3298BF6A6 /* Pods */ = {
			isa = PBXGroup;
			children = (
				9D05883BE0856E0493DA7E6E /* Pods-Triller.debug.xcconfig */,
				34558C351DE6248C967BF6E8 /* Pods-Triller.release.xcconfig */,
			);
			name = Pods;
			sourceTree = "<group>";
		};
/* End PBXGroup section */

/* Begin PBXNativeTarget section */
		7ECE81852172767F00895EDA /* Triller */ = {
			isa = PBXNativeTarget;
			buildConfigurationList = 7ECE81982172768100895EDA /* Build configuration list for PBXNativeTarget "Triller" */;
			buildPhases = (
				B51BE24CB71CD073691CC487 /* [CP] Check Pods Manifest.lock */,
				7ECE81822172767F00895EDA /* Sources */,
				7ECE81832172767F00895EDA /* Frameworks */,
				7ECE81842172767F00895EDA /* Resources */,
				8AB68DECC4A9A4CA66212516 /* [CP] Embed Pods Frameworks */,
			);
			buildRules = (
			);
			dependencies = (
			);
			name = Triller;
			productName = Triller;
			productReference = 7ECE81862172768000895EDA /* Triller.app */;
			productType = "com.apple.product-type.application";
		};
/* End PBXNativeTarget section */

/* Begin PBXProject section */
		7ECE817E2172767F00895EDA /* Project object */ = {
			isa = PBXProject;
			attributes = {
				LastSwiftUpdateCheck = 0940;
				LastUpgradeCheck = 0940;
				ORGANIZATIONNAME = "Sherif  Wagih";
				TargetAttributes = {
					7ECE81852172767F00895EDA = {
						CreatedOnToolsVersion = 9.4.1;
						LastSwiftMigration = 1000;
						SystemCapabilities = {
							com.apple.BackgroundModes = {
								enabled = 1;
							};
							com.apple.Push = {
								enabled = 1;
							};
						};
					};
				};
			};
			buildConfigurationList = 7ECE81812172767F00895EDA /* Build configuration list for PBXProject "Triller" */;
			compatibilityVersion = "Xcode 9.3";
			developmentRegion = en;
			hasScannedForEncodings = 0;
			knownRegions = (
				en,
				Base,
				ar,
			);
			mainGroup = 7ECE817D2172767F00895EDA;
			productRefGroup = 7ECE81872172768000895EDA /* Products */;
			projectDirPath = "";
			projectRoot = "";
			targets = (
				7ECE81852172767F00895EDA /* Triller */,
			);
		};
/* End PBXProject section */

/* Begin PBXResourcesBuildPhase section */
		7ECE81842172767F00895EDA /* Resources */ = {
			isa = PBXResourcesBuildPhase;
			buildActionMask = 2147483647;
			files = (
				7EB291BB21A27AE90021BF24 /* Localizable.strings in Resources */,
				7ECE81942172768100895EDA /* LaunchScreen.storyboard in Resources */,
				7E6ADD1421955791009DB373 /* GoogleService-Info.plist in Resources */,
				7ECE81912172768100895EDA /* Assets.xcassets in Resources */,
				7ECE818F2172768000895EDA /* Main.storyboard in Resources */,
			);
			runOnlyForDeploymentPostprocessing = 0;
		};
/* End PBXResourcesBuildPhase section */

/* Begin PBXShellScriptBuildPhase section */
		8AB68DECC4A9A4CA66212516 /* [CP] Embed Pods Frameworks */ = {
			isa = PBXShellScriptBuildPhase;
			buildActionMask = 2147483647;
			files = (
			);
			inputPaths = (
				"${SRCROOT}/Pods/Target Support Files/Pods-Triller/Pods-Triller-frameworks.sh",
				"${BUILT_PRODUCTS_DIR}/FlagPhoneNumber/FlagPhoneNumber.framework",
				"${BUILT_PRODUCTS_DIR}/GTMSessionFetcher/GTMSessionFetcher.framework",
				"${BUILT_PRODUCTS_DIR}/GoogleUtilities/GoogleUtilities.framework",
				"${BUILT_PRODUCTS_DIR}/IQAudioRecorderController/IQAudioRecorderController.framework",
				"${BUILT_PRODUCTS_DIR}/MOLH/MOLH.framework",
				"${BUILT_PRODUCTS_DIR}/ProgressHUD/ProgressHUD.framework",
				"${BUILT_PRODUCTS_DIR}/Protobuf/Protobuf.framework",
				"${BUILT_PRODUCTS_DIR}/SCSiriWaveformView/SCSiriWaveformView.framework",
				"${BUILT_PRODUCTS_DIR}/SDWebImage/SDWebImage.framework",
				"${BUILT_PRODUCTS_DIR}/XLPagerTabStrip/XLPagerTabStrip.framework",
				"${BUILT_PRODUCTS_DIR}/leveldb-library/leveldb.framework",
				"${BUILT_PRODUCTS_DIR}/libPhoneNumber-iOS/libPhoneNumber_iOS.framework",
				"${BUILT_PRODUCTS_DIR}/nanopb/nanopb.framework",
			);
			name = "[CP] Embed Pods Frameworks";
			outputPaths = (
				"${TARGET_BUILD_DIR}/${FRAMEWORKS_FOLDER_PATH}/FlagPhoneNumber.framework",
				"${TARGET_BUILD_DIR}/${FRAMEWORKS_FOLDER_PATH}/GTMSessionFetcher.framework",
				"${TARGET_BUILD_DIR}/${FRAMEWORKS_FOLDER_PATH}/GoogleUtilities.framework",
				"${TARGET_BUILD_DIR}/${FRAMEWORKS_FOLDER_PATH}/IQAudioRecorderController.framework",
				"${TARGET_BUILD_DIR}/${FRAMEWORKS_FOLDER_PATH}/MOLH.framework",
				"${TARGET_BUILD_DIR}/${FRAMEWORKS_FOLDER_PATH}/ProgressHUD.framework",
				"${TARGET_BUILD_DIR}/${FRAMEWORKS_FOLDER_PATH}/Protobuf.framework",
				"${TARGET_BUILD_DIR}/${FRAMEWORKS_FOLDER_PATH}/SCSiriWaveformView.framework",
				"${TARGET_BUILD_DIR}/${FRAMEWORKS_FOLDER_PATH}/SDWebImage.framework",
				"${TARGET_BUILD_DIR}/${FRAMEWORKS_FOLDER_PATH}/XLPagerTabStrip.framework",
				"${TARGET_BUILD_DIR}/${FRAMEWORKS_FOLDER_PATH}/leveldb.framework",
				"${TARGET_BUILD_DIR}/${FRAMEWORKS_FOLDER_PATH}/libPhoneNumber_iOS.framework",
				"${TARGET_BUILD_DIR}/${FRAMEWORKS_FOLDER_PATH}/nanopb.framework",
			);
			runOnlyForDeploymentPostprocessing = 0;
			shellPath = /bin/sh;
			shellScript = "\"${SRCROOT}/Pods/Target Support Files/Pods-Triller/Pods-Triller-frameworks.sh\"\n";
			showEnvVarsInLog = 0;
		};
		B51BE24CB71CD073691CC487 /* [CP] Check Pods Manifest.lock */ = {
			isa = PBXShellScriptBuildPhase;
			buildActionMask = 2147483647;
			files = (
			);
			inputPaths = (
				"${PODS_PODFILE_DIR_PATH}/Podfile.lock",
				"${PODS_ROOT}/Manifest.lock",
			);
			name = "[CP] Check Pods Manifest.lock";
			outputPaths = (
				"$(DERIVED_FILE_DIR)/Pods-Triller-checkManifestLockResult.txt",
			);
			runOnlyForDeploymentPostprocessing = 0;
			shellPath = /bin/sh;
			shellScript = "diff \"${PODS_PODFILE_DIR_PATH}/Podfile.lock\" \"${PODS_ROOT}/Manifest.lock\" > /dev/null\nif [ $? != 0 ] ; then\n    # print error to STDERR\n    echo \"error: The sandbox is not in sync with the Podfile.lock. Run 'pod install' or update your CocoaPods installation.\" >&2\n    exit 1\nfi\n# This output is used by Xcode 'outputs' to avoid re-running this script phase.\necho \"SUCCESS\" > \"${SCRIPT_OUTPUT_FILE_0}\"\n";
			showEnvVarsInLog = 0;
		};
/* End PBXShellScriptBuildPhase section */

/* Begin PBXSourcesBuildPhase section */
		7ECE81822172767F00895EDA /* Sources */ = {
			isa = PBXSourcesBuildPhase;
			buildActionMask = 2147483647;
			files = (
				7EC2A1452196194C001ED2DB /* SpeakerViewController.swift in Sources */,
				7E0D6869219636FF0064CDDB /* Speaker.swift in Sources */,
				7ECE81D32173EABE00895EDA /* BaseCell.swift in Sources */,
				7EA5BAC0217AF21200EFC458 /* Profile.swift in Sources */,
				7E0ABFF221974D9A002B7D57 /* CompleteSignUp.swift in Sources */,
				7EF9FDC8218D7B0400A51B20 /* CommentsController.swift in Sources */,
				7ECE81AE2173201B00895EDA /* HashTagCell.swift in Sources */,
				7E8E8C9E2177D96E00D6F771 /* CustomTextField.swift in Sources */,
				7E90C6B62184C3B90090B320 /* AudioRecorder.swift in Sources */,
				7ECE81CB2173D20600895EDA /* MainNotificationController.swift in Sources */,
				7EA5BACC217AF46700EFC458 /* User.swift in Sources */,
				7E15E6E2217D86B9009851BB /* CMTime.swift in Sources */,
				7EF28558217FA2D000D7F2F7 /* PhotoSelectorController.swift in Sources */,
				7EF2855D217FA4B900D7F2F7 /* PhotoSelectorHeader.swift in Sources */,
				7ECE81AC21731FCA00895EDA /* AllHashTags.swift in Sources */,
				7ECE81A021728C4D00895EDA /* HomeFeedCell.swift in Sources */,
				7EFAD5622188D27D0056BC0C /* CachedPlayer.swift in Sources */,
				7EF2855B217FA46300D7F2F7 /* PhotoSelectoCell.swift in Sources */,
				7EA5BAD0217AFB1600EFC458 /* HashTag.swift in Sources */,
				7ECE81A62172BB3C00895EDA /* LeftPaddedTextField.swift in Sources */,
				7EF28555217F9F2700D7F2F7 /* EditProfileController+handlers.swift in Sources */,
				7ECE81A42172ACDA00895EDA /* SearchController.swift in Sources */,
				7EAE3AF9217E576F008C1B02 /* String.swift in Sources */,
				7ECE81C1217363E500895EDA /* UIViewController.swift in Sources */,
				7EAE3AFB217E5D5E008C1B02 /* Label.swift in Sources */,
				7ECE81D82173ED6500895EDA /* ProfilePostCell.swift in Sources */,
				7EF91DBD21785CED00BD42CA /* LoginController.swift in Sources */,
				7ECE818A2172768000895EDA /* AppDelegate.swift in Sources */,
				7ECE81C62173C24E00895EDA /* MainHomeFeedController.swift in Sources */,
				7EF9FDCB218D7D4000A51B20 /* CommentsHeader.swift in Sources */,
				7EA4FC28217937DD00D481A1 /* NotificationCell.swift in Sources */,
				7EA5BAC4217AF29D00EFC458 /* FirebaseService.swift in Sources */,
				7EAE3AFE217F5F88008C1B02 /* EditProfilieViewController.swift in Sources */,
				7ECE81A221728E0900895EDA /* UIView.swift in Sources */,
				7EA4FC26217934A200D481A1 /* SignupController.swift in Sources */,
				7ECE819C2172859800895EDA /* MainTabBarController.swift in Sources */,
				7E80F08A218DF7C6007AFBD2 /* CommentCell.swift in Sources */,
				7E9C85B2218FCB3700094347 /* MediaItem.swift in Sources */,
				7EB8E276217722D400903704 /* HomeNavigationCell.swift in Sources */,
				7EA5BACA217AF42700EFC458 /* Comment.swift in Sources */,
				7ECE81D62173ED4100895EDA /* ProfileHeaderView.swift in Sources */,
				7EA5BAD2217B0E5E00EFC458 /* AllUsersCell.swift in Sources */,
				7E6ADD1A2195D58C009DB373 /* ListenerCell.swift in Sources */,
				7ECE81BB2173219D00895EDA /* TopUserCell.swift in Sources */,
				7E2E93CB217C400800B298B5 /* MyNotification.swift in Sources */,
				7EAE3B00217F639C008C1B02 /* AlertViewController.swift in Sources */,
				7E6ADD1C2195E44A009DB373 /* Listener.swift in Sources */,
				7E6ADD172195D515009DB373 /* ListenersViewController.swift in Sources */,
				7E90C6B92184DA770090B320 /* ShareAudioViewController.swift in Sources */,
				7E15E6E0217CC28A009851BB /* Date.swift in Sources */,
				7ECE81CE2173D6E000895EDA /* NotificationHeaderCell.swift in Sources */,
				7EA5BACE217AF9F100EFC458 /* AudioPost.swift in Sources */,
				7EF55414218AFEFC0046658D /* SpinnerView.swift in Sources */,
				7ECE81C42173685600895EDA /* TabBarView.swift in Sources */,
			);
			runOnlyForDeploymentPostprocessing = 0;
		};
/* End PBXSourcesBuildPhase section */

/* Begin PBXVariantGroup section */
		7EB291BD21A27AE90021BF24 /* Localizable.strings */ = {
			isa = PBXVariantGroup;
			children = (
				7EB291BC21A27AE90021BF24 /* en */,
				7EB291BE21A27AEB0021BF24 /* ar */,
			);
			name = Localizable.strings;
			sourceTree = "<group>";
		};
		7ECE818D2172768000895EDA /* Main.storyboard */ = {
			isa = PBXVariantGroup;
			children = (
				7ECE818E2172768000895EDA /* Base */,
				7EB291B721A279410021BF24 /* ar */,
			);
			name = Main.storyboard;
			sourceTree = "<group>";
		};
		7ECE81922172768100895EDA /* LaunchScreen.storyboard */ = {
			isa = PBXVariantGroup;
			children = (
				7ECE81932172768100895EDA /* Base */,
				7EB291B821A279410021BF24 /* ar */,
			);
			name = LaunchScreen.storyboard;
			sourceTree = "<group>";
		};
/* End PBXVariantGroup section */

/* Begin XCBuildConfiguration section */
		7ECE81962172768100895EDA /* Debug */ = {
			isa = XCBuildConfiguration;
			buildSettings = {
				ALWAYS_SEARCH_USER_PATHS = NO;
				CLANG_ANALYZER_LOCALIZABILITY_NONLOCALIZED = YES;
				CLANG_ANALYZER_NONNULL = YES;
				CLANG_ANALYZER_NUMBER_OBJECT_CONVERSION = YES_AGGRESSIVE;
				CLANG_CXX_LANGUAGE_STANDARD = "gnu++14";
				CLANG_CXX_LIBRARY = "libc++";
				CLANG_ENABLE_MODULES = YES;
				CLANG_ENABLE_OBJC_ARC = YES;
				CLANG_ENABLE_OBJC_WEAK = YES;
				CLANG_WARN_BLOCK_CAPTURE_AUTORELEASING = YES;
				CLANG_WARN_BOOL_CONVERSION = YES;
				CLANG_WARN_COMMA = YES;
				CLANG_WARN_CONSTANT_CONVERSION = YES;
				CLANG_WARN_DEPRECATED_OBJC_IMPLEMENTATIONS = YES;
				CLANG_WARN_DIRECT_OBJC_ISA_USAGE = YES_ERROR;
				CLANG_WARN_DOCUMENTATION_COMMENTS = YES;
				CLANG_WARN_EMPTY_BODY = YES;
				CLANG_WARN_ENUM_CONVERSION = YES;
				CLANG_WARN_INFINITE_RECURSION = YES;
				CLANG_WARN_INT_CONVERSION = YES;
				CLANG_WARN_NON_LITERAL_NULL_CONVERSION = YES;
				CLANG_WARN_OBJC_IMPLICIT_RETAIN_SELF = YES;
				CLANG_WARN_OBJC_LITERAL_CONVERSION = YES;
				CLANG_WARN_OBJC_ROOT_CLASS = YES_ERROR;
				CLANG_WARN_RANGE_LOOP_ANALYSIS = YES;
				CLANG_WARN_STRICT_PROTOTYPES = YES;
				CLANG_WARN_SUSPICIOUS_MOVE = YES;
				CLANG_WARN_UNGUARDED_AVAILABILITY = YES_AGGRESSIVE;
				CLANG_WARN_UNREACHABLE_CODE = YES;
				CLANG_WARN__DUPLICATE_METHOD_MATCH = YES;
				CODE_SIGN_IDENTITY = "iPhone Developer";
				COPY_PHASE_STRIP = NO;
				DEBUG_INFORMATION_FORMAT = dwarf;
				ENABLE_STRICT_OBJC_MSGSEND = YES;
				ENABLE_TESTABILITY = YES;
				GCC_C_LANGUAGE_STANDARD = gnu11;
				GCC_DYNAMIC_NO_PIC = NO;
				GCC_NO_COMMON_BLOCKS = YES;
				GCC_OPTIMIZATION_LEVEL = 0;
				GCC_PREPROCESSOR_DEFINITIONS = (
					"DEBUG=1",
					"$(inherited)",
				);
				GCC_WARN_64_TO_32_BIT_CONVERSION = YES;
				GCC_WARN_ABOUT_RETURN_TYPE = YES_ERROR;
				GCC_WARN_UNDECLARED_SELECTOR = YES;
				GCC_WARN_UNINITIALIZED_AUTOS = YES_AGGRESSIVE;
				GCC_WARN_UNUSED_FUNCTION = YES;
				GCC_WARN_UNUSED_VARIABLE = YES;
				IPHONEOS_DEPLOYMENT_TARGET = 12.0;
				MTL_ENABLE_DEBUG_INFO = YES;
				ONLY_ACTIVE_ARCH = YES;
				SDKROOT = iphoneos;
				SWIFT_ACTIVE_COMPILATION_CONDITIONS = DEBUG;
				SWIFT_OPTIMIZATION_LEVEL = "-Onone";
				SWIFT_VERSION = 4.2;
			};
			name = Debug;
		};
		7ECE81972172768100895EDA /* Release */ = {
			isa = XCBuildConfiguration;
			buildSettings = {
				ALWAYS_SEARCH_USER_PATHS = NO;
				CLANG_ANALYZER_LOCALIZABILITY_NONLOCALIZED = YES;
				CLANG_ANALYZER_NONNULL = YES;
				CLANG_ANALYZER_NUMBER_OBJECT_CONVERSION = YES_AGGRESSIVE;
				CLANG_CXX_LANGUAGE_STANDARD = "gnu++14";
				CLANG_CXX_LIBRARY = "libc++";
				CLANG_ENABLE_MODULES = YES;
				CLANG_ENABLE_OBJC_ARC = YES;
				CLANG_ENABLE_OBJC_WEAK = YES;
				CLANG_WARN_BLOCK_CAPTURE_AUTORELEASING = YES;
				CLANG_WARN_BOOL_CONVERSION = YES;
				CLANG_WARN_COMMA = YES;
				CLANG_WARN_CONSTANT_CONVERSION = YES;
				CLANG_WARN_DEPRECATED_OBJC_IMPLEMENTATIONS = YES;
				CLANG_WARN_DIRECT_OBJC_ISA_USAGE = YES_ERROR;
				CLANG_WARN_DOCUMENTATION_COMMENTS = YES;
				CLANG_WARN_EMPTY_BODY = YES;
				CLANG_WARN_ENUM_CONVERSION = YES;
				CLANG_WARN_INFINITE_RECURSION = YES;
				CLANG_WARN_INT_CONVERSION = YES;
				CLANG_WARN_NON_LITERAL_NULL_CONVERSION = YES;
				CLANG_WARN_OBJC_IMPLICIT_RETAIN_SELF = YES;
				CLANG_WARN_OBJC_LITERAL_CONVERSION = YES;
				CLANG_WARN_OBJC_ROOT_CLASS = YES_ERROR;
				CLANG_WARN_RANGE_LOOP_ANALYSIS = YES;
				CLANG_WARN_STRICT_PROTOTYPES = YES;
				CLANG_WARN_SUSPICIOUS_MOVE = YES;
				CLANG_WARN_UNGUARDED_AVAILABILITY = YES_AGGRESSIVE;
				CLANG_WARN_UNREACHABLE_CODE = YES;
				CLANG_WARN__DUPLICATE_METHOD_MATCH = YES;
				CODE_SIGN_IDENTITY = "iPhone Developer";
				COPY_PHASE_STRIP = NO;
				DEBUG_INFORMATION_FORMAT = "dwarf-with-dsym";
				ENABLE_NS_ASSERTIONS = NO;
				ENABLE_STRICT_OBJC_MSGSEND = YES;
				GCC_C_LANGUAGE_STANDARD = gnu11;
				GCC_NO_COMMON_BLOCKS = YES;
				GCC_OPTIMIZATION_LEVEL = 0;
				GCC_WARN_64_TO_32_BIT_CONVERSION = YES;
				GCC_WARN_ABOUT_RETURN_TYPE = YES_ERROR;
				GCC_WARN_UNDECLARED_SELECTOR = YES;
				GCC_WARN_UNINITIALIZED_AUTOS = YES_AGGRESSIVE;
				GCC_WARN_UNUSED_FUNCTION = YES;
				GCC_WARN_UNUSED_VARIABLE = YES;
				IPHONEOS_DEPLOYMENT_TARGET = 12.0;
				MTL_ENABLE_DEBUG_INFO = NO;
				SDKROOT = iphoneos;
				SWIFT_COMPILATION_MODE = wholemodule;
				SWIFT_OPTIMIZATION_LEVEL = "-O";
				SWIFT_VERSION = 4.2;
				VALIDATE_PRODUCT = YES;
			};
			name = Release;
		};
		7ECE81992172768100895EDA /* Debug */ = {
			isa = XCBuildConfiguration;
			baseConfigurationReference = 9D05883BE0856E0493DA7E6E /* Pods-Triller.debug.xcconfig */;
			buildSettings = {
				ASSETCATALOG_COMPILER_APPICON_NAME = AppIcon;
				CODE_SIGN_ENTITLEMENTS = Triller/Triller.entitlements;
				CODE_SIGN_STYLE = Automatic;
				DEVELOPMENT_TEAM = 968U57PY3R;
				INFOPLIST_FILE = Triller/Info.plist;
				IPHONEOS_DEPLOYMENT_TARGET = 12.0;
				LD_RUNPATH_SEARCH_PATHS = (
					"$(inherited)",
					"@executable_path/Frameworks",
				);
				PRODUCT_BUNDLE_IDENTIFIER = com.Edusoft.Trill;
				PRODUCT_NAME = "$(TARGET_NAME)";
				SWIFT_VERSION = 4.2;
				TARGETED_DEVICE_FAMILY = "1,2";
			};
			name = Debug;
		};
		7ECE819A2172768100895EDA /* Release */ = {
			isa = XCBuildConfiguration;
			baseConfigurationReference = 34558C351DE6248C967BF6E8 /* Pods-Triller.release.xcconfig */;
			buildSettings = {
				ASSETCATALOG_COMPILER_APPICON_NAME = AppIcon;
				CODE_SIGN_ENTITLEMENTS = Triller/Triller.entitlements;
				CODE_SIGN_STYLE = Automatic;
				DEVELOPMENT_TEAM = 968U57PY3R;
				INFOPLIST_FILE = Triller/Info.plist;
				IPHONEOS_DEPLOYMENT_TARGET = 12.0;
				LD_RUNPATH_SEARCH_PATHS = (
					"$(inherited)",
					"@executable_path/Frameworks",
				);
				PRODUCT_BUNDLE_IDENTIFIER = com.Edusoft.Trill;
				PRODUCT_NAME = "$(TARGET_NAME)";
				SWIFT_VERSION = 4.2;
				TARGETED_DEVICE_FAMILY = "1,2";
			};
			name = Release;
		};
/* End XCBuildConfiguration section */

/* Begin XCConfigurationList section */
		7ECE81812172767F00895EDA /* Build configuration list for PBXProject "Triller" */ = {
			isa = XCConfigurationList;
			buildConfigurations = (
				7ECE81962172768100895EDA /* Debug */,
				7ECE81972172768100895EDA /* Release */,
			);
			defaultConfigurationIsVisible = 0;
			defaultConfigurationName = Release;
		};
		7ECE81982172768100895EDA /* Build configuration list for PBXNativeTarget "Triller" */ = {
			isa = XCConfigurationList;
			buildConfigurations = (
				7ECE81992172768100895EDA /* Debug */,
				7ECE819A2172768100895EDA /* Release */,
			);
			defaultConfigurationIsVisible = 0;
			defaultConfigurationName = Release;
		};
/* End XCConfigurationList section */
	};
	rootObject = 7ECE817E2172767F00895EDA /* Project object */;
}
